{
    "_meta": {
        "hash": {
            "sha256": "932bb367ba9b55f09db8822137fe32f19ecfa9cb8dd7ed234933e266fe50f909"
        },
        "pipfile-spec": 6,
        "requires": {
            "python_full_version": "3.8.13"
        },
        "sources": [
            {
                "name": "pypi",
                "url": "https://pypi.org/simple",
                "verify_ssl": true
            }
        ]
    },
    "default": {
        "alembic": {
            "hashes": [
                "sha256:6880dec4f28dd7bd999d2ed13fbe7c9d4337700a44d11a524c0ce0c59aaf0dbd",
                "sha256:e8a6ff9f3b1887e1fed68bfb8fb9a000d8f61c21bdcc85b67bb9f87fcbc4fce3"
            ],
            "index": "pypi",
            "version": "==1.9.2"
        },
        "appnope": {
            "hashes": [
                "sha256:02bd91c4de869fbb1e1c50aafc4098827a7a54ab2f39d9dcba6c9547ed920e24",
                "sha256:265a455292d0bd8a72453494fa24df5a11eb18373a60c7c0430889f22548605e"
            ],
            "markers": "sys_platform == 'darwin'",
            "version": "==0.1.3"
        },
        "asttokens": {
            "hashes": [
                "sha256:0dcd8baa8d62b0c1d118b399b2ddba3c4aff271d0d7a9e0d4c1681c79035bbc7",
                "sha256:e3078351a059199dd5138cb1c706e6430c05eff2ff136af5eb4790f9d28932e2"
            ],
            "markers": "python_version >= '3.8'",
            "version": "==3.0.0"
        },
        "backcall": {
            "hashes": [
                "sha256:5cbdbf27be5e7cfadb448baf0aa95508f91f2bbc6c6437cd9cd06e2a4c215e1e",
                "sha256:fbbce6a29f263178a1f7915c1940bde0ec2b2a967566fe1c65c1dfb7422bd255"
            ],
            "version": "==0.2.0"
        },
        "decorator": {
            "hashes": [
                "sha256:65f266143752f734b0a7cc83c46f4618af75b8c5911b00ccb61d0ac9b6da0360",
                "sha256:d316bb415a2d9e2d2b3abcc4084c6502fc09240e292cd76a76afc106a1c8e04a"
            ],
            "markers": "python_version >= '3.8'",
            "version": "==5.2.1"
        },
        "executing": {
            "hashes": [
                "sha256:11387150cad388d62750327a53d3339fad4888b39a6fe233c3afbb54ecffd3aa",
                "sha256:5d108c028108fe2551d1a7b2e8b713341e2cb4fc0aa7dcf966fa4327a5226755"
            ],
            "markers": "python_version >= '3.8'",
            "version": "==2.2.0"
        },
        "importlib-metadata": {
            "hashes": [
                "sha256:7efb448ec9a5e313a57655d35aa54cd3e01b7e1fbcf72dce1bf06119420f5bad",
                "sha256:e354bedeb60efa6affdcc8ae121b73544a7aa74156d047311948f6d711cd378d"
            ],
            "index": "pypi",
            "version": "==6.0.0"
        },
        "importlib-resources": {
            "hashes": [
                "sha256:7d543798b0beca10b6a01ac7cafda9f822c54db9e8376a6bf57e0cbd74d486b6",
                "sha256:e4a96c8cc0339647ff9a5e0550d9f276fc5a01ffa276012b58ec108cfd7b8484"
            ],
            "index": "pypi",
            "version": "==5.10.2"
        },
        "ipdb": {
            "hashes": [
                "sha256:45529994741c4ab6d2388bfa5d7b725c2cf7fe9deffabdb8a6113aa5ed449ed4",
                "sha256:e3ac6018ef05126d442af680aad863006ec19d02290561ac88b8b1c0b0cfc726"
            ],
            "index": "pypi",
            "markers": "python_version >= '2.7' and python_version not in '3.0, 3.1, 3.2, 3.3'",
            "version": "==0.13.13"
        },
        "ipython": {
            "hashes": [
                "sha256:3910c4b54543c2ad73d06579aa771041b7d5707b033bd488669b4cf544e3b363",
                "sha256:b0340d46a933d27c657b211a329d0be23793c36595acf9e6ef4164bc01a1804c"
            ],
            "markers": "python_version >= '3.8'",
            "version": "==8.12.3"
        },
        "jedi": {
            "hashes": [
                "sha256:4770dc3de41bde3966b02eb84fbcf557fb33cce26ad23da12c742fb50ecb11f0",
                "sha256:a8ef22bde8490f57fe5c7681a3c83cb58874daf72b4784de3cce5b6ef6edb5b9"
            ],
            "markers": "python_version >= '3.6'",
            "version": "==0.19.2"
        },
        "mako": {
            "hashes": [
                "sha256:c97c79c018b9165ac9922ae4f32da095ffd3c4e6872b45eded42926deea46818",
                "sha256:d60a3903dc3bb01a18ad6a89cdbe2e4eadc69c0bc8ef1e3773ba53d44c3f7a34"
            ],
            "markers": "python_version >= '3.7'",
            "version": "==1.2.4"
        },
        "markupsafe": {
            "hashes": [
                "sha256:0576fe974b40a400449768941d5d0858cc624e3249dfd1e0c33674e5c7ca7aed",
                "sha256:085fd3201e7b12809f9e6e9bc1e5c96a368c8523fad5afb02afe3c051ae4afcc",
                "sha256:090376d812fb6ac5f171e5938e82e7f2d7adc2b629101cec0db8b267815c85e2",
                "sha256:0b462104ba25f1ac006fdab8b6a01ebbfbce9ed37fd37fd4acd70c67c973e460",
                "sha256:137678c63c977754abe9086a3ec011e8fd985ab90631145dfb9294ad09c102a7",
                "sha256:1bea30e9bf331f3fef67e0a3877b2288593c98a21ccb2cf29b74c581a4eb3af0",
                "sha256:22152d00bf4a9c7c83960521fc558f55a1adbc0631fbb00a9471e097b19d72e1",
                "sha256:22731d79ed2eb25059ae3df1dfc9cb1546691cc41f4e3130fe6bfbc3ecbbecfa",
                "sha256:2298c859cfc5463f1b64bd55cb3e602528db6fa0f3cfd568d3605c50678f8f03",
                "sha256:28057e985dace2f478e042eaa15606c7efccb700797660629da387eb289b9323",
                "sha256:2e7821bffe00aa6bd07a23913b7f4e01328c3d5cc0b40b36c0bd81d362faeb65",
                "sha256:2ec4f2d48ae59bbb9d1f9d7efb9236ab81429a764dedca114f5fdabbc3788013",
                "sha256:340bea174e9761308703ae988e982005aedf427de816d1afe98147668cc03036",
                "sha256:40627dcf047dadb22cd25ea7ecfe9cbf3bbbad0482ee5920b582f3809c97654f",
                "sha256:40dfd3fefbef579ee058f139733ac336312663c6706d1163b82b3003fb1925c4",
                "sha256:4cf06cdc1dda95223e9d2d3c58d3b178aa5dacb35ee7e3bbac10e4e1faacb419",
                "sha256:50c42830a633fa0cf9e7d27664637532791bfc31c731a87b202d2d8ac40c3ea2",
                "sha256:55f44b440d491028addb3b88f72207d71eeebfb7b5dbf0643f7c023ae1fba619",
                "sha256:608e7073dfa9e38a85d38474c082d4281f4ce276ac0010224eaba11e929dd53a",
                "sha256:63ba06c9941e46fa389d389644e2d8225e0e3e5ebcc4ff1ea8506dce646f8c8a",
                "sha256:65608c35bfb8a76763f37036547f7adfd09270fbdbf96608be2bead319728fcd",
                "sha256:665a36ae6f8f20a4676b53224e33d456a6f5a72657d9c83c2aa00765072f31f7",
                "sha256:6d6607f98fcf17e534162f0709aaad3ab7a96032723d8ac8750ffe17ae5a0666",
                "sha256:7313ce6a199651c4ed9d7e4cfb4aa56fe923b1adf9af3b420ee14e6d9a73df65",
                "sha256:7668b52e102d0ed87cb082380a7e2e1e78737ddecdde129acadb0eccc5423859",
                "sha256:7df70907e00c970c60b9ef2938d894a9381f38e6b9db73c5be35e59d92e06625",
                "sha256:7e007132af78ea9df29495dbf7b5824cb71648d7133cf7848a2a5dd00d36f9ff",
                "sha256:835fb5e38fd89328e9c81067fd642b3593c33e1e17e2fdbf77f5676abb14a156",
                "sha256:8bca7e26c1dd751236cfb0c6c72d4ad61d986e9a41bbf76cb445f69488b2a2bd",
                "sha256:8db032bf0ce9022a8e41a22598eefc802314e81b879ae093f36ce9ddf39ab1ba",
                "sha256:99625a92da8229df6d44335e6fcc558a5037dd0a760e11d84be2260e6f37002f",
                "sha256:9cad97ab29dfc3f0249b483412c85c8ef4766d96cdf9dcf5a1e3caa3f3661cf1",
                "sha256:a4abaec6ca3ad8660690236d11bfe28dfd707778e2442b45addd2f086d6ef094",
                "sha256:a6e40afa7f45939ca356f348c8e23048e02cb109ced1eb8420961b2f40fb373a",
                "sha256:a6f2fcca746e8d5910e18782f976489939d54a91f9411c32051b4aab2bd7c513",
                "sha256:a806db027852538d2ad7555b203300173dd1b77ba116de92da9afbc3a3be3eed",
                "sha256:abcabc8c2b26036d62d4c746381a6f7cf60aafcc653198ad678306986b09450d",
                "sha256:b8526c6d437855442cdd3d87eede9c425c4445ea011ca38d937db299382e6fa3",
                "sha256:bb06feb762bade6bf3c8b844462274db0c76acc95c52abe8dbed28ae3d44a147",
                "sha256:c0a33bc9f02c2b17c3ea382f91b4db0e6cde90b63b296422a939886a7a80de1c",
                "sha256:c4a549890a45f57f1ebf99c067a4ad0cb423a05544accaf2b065246827ed9603",
                "sha256:ca244fa73f50a800cf8c3ebf7fd93149ec37f5cb9596aa8873ae2c1d23498601",
                "sha256:cf877ab4ed6e302ec1d04952ca358b381a882fbd9d1b07cccbfd61783561f98a",
                "sha256:d9d971ec1e79906046aa3ca266de79eac42f1dbf3612a05dc9368125952bd1a1",
                "sha256:da25303d91526aac3672ee6d49a2f3db2d9502a4a60b55519feb1a4c7714e07d",
                "sha256:e55e40ff0cc8cc5c07996915ad367fa47da6b3fc091fdadca7f5403239c5fec3",
                "sha256:f03a532d7dee1bed20bc4884194a16160a2de9ffc6354b3878ec9682bb623c54",
                "sha256:f1cd098434e83e656abf198f103a8207a8187c0fc110306691a2e94a78d0abb2",
                "sha256:f2bfb563d0211ce16b63c7cb9395d2c682a23187f54c3d79bfec33e6705473c6",
                "sha256:f8ffb705ffcf5ddd0e80b65ddf7bed7ee4f5a441ea7d3419e861a12eaf41af58"
            ],
            "markers": "python_version >= '3.7'",
            "version": "==2.1.2"
        },
        "matplotlib-inline": {
            "hashes": [
                "sha256:8423b23ec666be3d16e16b60bdd8ac4e86e840ebd1dd11a30b9f117f2fa0ab90",
                "sha256:df192d39a4ff8f21b1895d72e6a13f5fcc5099f00fa84384e0ea28c2cc0653ca"
            ],
            "markers": "python_version >= '3.8'",
            "version": "==0.1.7"
        },
        "parso": {
            "hashes": [
                "sha256:a418670a20291dacd2dddc80c377c5c3791378ee1e8d12bffc35420643d43f18",
                "sha256:eb3a7b58240fb99099a345571deecc0f9540ea5f4dd2fe14c2a99d6b281ab92d"
            ],
            "markers": "python_version >= '3.6'",
            "version": "==0.8.4"
        },
        "pexpect": {
            "hashes": [
                "sha256:7236d1e080e4936be2dc3e326cec0af72acf9212a7e1d060210e70a47e253523",
                "sha256:ee7d41123f3c9911050ea2c2dac107568dc43b2d3b0c7557a33212c398ead30f"
            ],
            "markers": "sys_platform != 'win32'",
            "version": "==4.9.0"
        },
        "pickleshare": {
            "hashes": [
                "sha256:87683d47965c1da65cdacaf31c8441d12b8044cdec9aca500cd78fc2c683afca",
                "sha256:9649af414d74d4df115d5d718f82acb59c9d418196b7b4290ed47a12ce62df56"
            ],
            "version": "==0.7.5"
        },
        "prompt-toolkit": {
            "hashes": [
                "sha256:52742911fde84e2d423e2f9a4cf1de7d7ac4e51958f648d9540e0fb8db077b07",
                "sha256:931a162e3b27fc90c86f1b48bb1fb2c528c2761475e57c9c06de13311c7b54ed"
            ],
            "markers": "python_version >= '3.8'",
            "version": "==3.0.51"
        },
        "ptyprocess": {
            "hashes": [
                "sha256:4b41f3967fce3af57cc7e94b888626c18bf37a083e3651ca8feeb66d492fef35",
                "sha256:5c5d0a3b48ceee0b48485e0c26037c0acd7d29765ca3fbb5cb3831d347423220"
            ],
            "version": "==0.7.0"
        },
        "pure-eval": {
            "hashes": [
                "sha256:1db8e35b67b3d218d818ae653e27f06c3aa420901fa7b081ca98cbedc874e0d0",
                "sha256:5f4e983f40564c576c7c8635ae88db5956bb2229d7e9237d03b3c0b0190eaf42"
            ],
            "version": "==0.2.3"
        },
        "pygments": {
            "hashes": [
                "sha256:61c16d2a8576dc0649d9f39e089b5f02bcd27fba10d8fb4dcc28173f7a45151f",
                "sha256:9ea1544ad55cecf4b8242fab6dd35a93bbce657034b0611ee383099054ab6d8c"
            ],
            "markers": "python_version >= '3.8'",
            "version": "==2.19.1"
        },
        "six": {
            "hashes": [
                "sha256:1e61c37477a1626458e36f7b1d82aa5c9b094fa4802892072e49de9c60c4c926",
                "sha256:8abb2f1d86890a2dfb989f9a77cfcfd3e47c2a354b01111771326f8aa26e0254"
            ],
            "markers": "python_version >= '2.7' and python_version not in '3.0, 3.1, 3.2, 3.3'",
            "version": "==1.16.0"
        },
        "sqlalchemy": {
            "hashes": [
                "sha256:07e48cbcdda6b8bc7a59d6728bd3f5f574ffe03f2c9fb384239f3789c2d95c2e",
                "sha256:18cafdb27834fa03569d29f571df7115812a0e59fd6a3a03ccb0d33678ec8420",
                "sha256:1b1e5e96e2789d89f023d080bee432e2fef64d95857969e70d3cadec80bd26f0",
                "sha256:315676344e3558f1f80d02535f410e80ea4e8fddba31ec78fe390eff5fb8f466",
                "sha256:31de1e2c45e67a5ec1ecca6ec26aefc299dd5151e355eb5199cd9516b57340be",
                "sha256:3d94682732d1a0def5672471ba42a29ff5e21bb0aae0afa00bb10796fc1e28dd",
                "sha256:3ec187acf85984263299a3f15c34a6c0671f83565d86d10f43ace49881a82718",
                "sha256:4847f4b1d822754e35707db913396a29d874ee77b9c3c3ef3f04d5a9a6209618",
                "sha256:4d112b0f3c1bc5ff70554a97344625ef621c1bfe02a73c5d97cac91f8cd7a41e",
                "sha256:51e1ba2884c6a2b8e19109dc08c71c49530006c1084156ecadfaadf5f9b8b053",
                "sha256:535377e9b10aff5a045e3d9ada8a62d02058b422c0504ebdcf07930599890eb0",
                "sha256:5dbf17ac9a61e7a3f1c7ca47237aac93cabd7f08ad92ac5b96d6f8dea4287fc1",
                "sha256:5f752676fc126edc1c4af0ec2e4d2adca48ddfae5de46bb40adbd3f903eb2120",
                "sha256:64cb0ad8a190bc22d2112001cfecdec45baffdf41871de777239da6a28ed74b6",
                "sha256:6913b8247d8a292ef8315162a51931e2b40ce91681f1b6f18f697045200c4a30",
                "sha256:69fac0a7054d86b997af12dc23f581cf0b25fb1c7d1fed43257dee3af32d3d6d",
                "sha256:7001f16a9a8e06488c3c7154827c48455d1c1507d7228d43e781afbc8ceccf6d",
                "sha256:7b81b1030c42b003fc10ddd17825571603117f848814a344d305262d370e7c34",
                "sha256:7f8267682eb41a0584cf66d8a697fef64b53281d01c93a503e1344197f2e01fe",
                "sha256:887865924c3d6e9a473dc82b70977395301533b3030d0f020c38fd9eba5419f2",
                "sha256:9167d4227b56591a4cc5524f1b79ccd7ea994f36e4c648ab42ca995d28ebbb96",
                "sha256:939f9a018d2ad04036746e15d119c0428b1e557470361aa798e6e7d7f5875be0",
                "sha256:955162ad1a931fe416eded6bb144ba891ccbf9b2e49dc7ded39274dd9c5affc5",
                "sha256:984ee13543a346324319a1fb72b698e521506f6f22dc37d7752a329e9cd00a32",
                "sha256:9883f5fae4fd8e3f875adc2add69f8b945625811689a6c65866a35ee9c0aea23",
                "sha256:a1ad90c97029cc3ab4ffd57443a20fac21d2ec3c89532b084b073b3feb5abff3",
                "sha256:a3714e5b33226131ac0da60d18995a102a17dddd42368b7bdd206737297823ad",
                "sha256:ae067ab639fa499f67ded52f5bc8e084f045d10b5ac7bb928ae4ca2b6c0429a5",
                "sha256:b33ffbdbbf5446cf36cd4cc530c9d9905d3c2fe56ed09e25c22c850cdb9fac92",
                "sha256:b6e4cb5c63f705c9d546a054c60d326cbde7421421e2d2565ce3e2eee4e1a01f",
                "sha256:b7f4b6aa6e87991ec7ce0e769689a977776db6704947e562102431474799a857",
                "sha256:c04144a24103135ea0315d459431ac196fe96f55d3213bfd6d39d0247775c854",
                "sha256:c522e496f9b9b70296a7675272ec21937ccfc15da664b74b9f58d98a641ce1b6",
                "sha256:c5a99282848b6cae0056b85da17392a26b2d39178394fc25700bcf967e06e97a",
                "sha256:c7a46639ba058d320c9f53a81db38119a74b8a7a1884df44d09fbe807d028aaf",
                "sha256:d4b1cc7835b39835c75cf7c20c926b42e97d074147c902a9ebb7cf2c840dc4e2",
                "sha256:d4d164df3d83d204c69f840da30b292ac7dc54285096c6171245b8d7807185aa",
                "sha256:d61e9ecc849d8d44d7f80894ecff4abe347136e9d926560b818f6243409f3c86",
                "sha256:d68e1762997bfebf9e5cf2a9fd0bcf9ca2fdd8136ce7b24bbd3bbfa4328f3e4a",
                "sha256:e3c1808008124850115a3f7e793a975cfa5c8a26ceeeb9ff9cbb4485cac556df",
                "sha256:f8cb80fe8d14307e4124f6fad64dfd87ab749c9d275f82b8b4ec84c84ecebdbe"
            ],
            "index": "pypi",
            "version": "==1.4.46"
        },
        "stack-data": {
            "hashes": [
                "sha256:836a778de4fec4dcd1dcd89ed8abff8a221f58308462e1c4aa2a3cf30148f0b9",
                "sha256:d5558e0c25a4cb0853cddad3d77da9891a08cb85dd9f9f91b9f8cd66e511e695"
            ],
            "version": "==0.6.3"
        },
        "tomli": {
            "hashes": [
                "sha256:023aa114dd824ade0100497eb2318602af309e5a55595f76b626d6d9f3b7b0a6",
                "sha256:02abe224de6ae62c19f090f68da4e27b10af2b93213d36cf44e6e1c5abd19fdd",
                "sha256:286f0ca2ffeeb5b9bd4fcc8d6c330534323ec51b2f52da063b11c502da16f30c",
                "sha256:2d0f2fdd22b02c6d81637a3c95f8cd77f995846af7414c5c4b8d0545afa1bc4b",
                "sha256:33580bccab0338d00994d7f16f4c4ec25b776af3ffaac1ed74e0b3fc95e885a8",
                "sha256:400e720fe168c0f8521520190686ef8ef033fb19fc493da09779e592861b78c6",
                "sha256:40741994320b232529c802f8bc86da4e1aa9f413db394617b9a256ae0f9a7f77",
                "sha256:465af0e0875402f1d226519c9904f37254b3045fc5084697cefb9bdde1ff99ff",
                "sha256:4a8f6e44de52d5e6c657c9fe83b562f5f4256d8ebbfe4ff922c495620a7f6cea",
                "sha256:4e340144ad7ae1533cb897d406382b4b6fede8890a03738ff1683af800d54192",
                "sha256:678e4fa69e4575eb77d103de3df8a895e1591b48e740211bd1067378c69e8249",
                "sha256:6972ca9c9cc9f0acaa56a8ca1ff51e7af152a9f87fb64623e31d5c83700080ee",
                "sha256:7fc04e92e1d624a4a63c76474610238576942d6b8950a2d7f908a340494e67e4",
                "sha256:889f80ef92701b9dbb224e49ec87c645ce5df3fa2cc548664eb8a25e03127a98",
                "sha256:8d57ca8095a641b8237d5b079147646153d22552f1c637fd3ba7f4b0b29167a8",
                "sha256:8dd28b3e155b80f4d54beb40a441d366adcfe740969820caf156c019fb5c7ec4",
                "sha256:9316dc65bed1684c9a98ee68759ceaed29d229e985297003e494aa825ebb0281",
                "sha256:a198f10c4d1b1375d7687bc25294306e551bf1abfa4eace6650070a5c1ae2744",
                "sha256:a38aa0308e754b0e3c67e344754dff64999ff9b513e691d0e786265c93583c69",
                "sha256:a92ef1a44547e894e2a17d24e7557a5e85a9e1d0048b0b5e7541f76c5032cb13",
                "sha256:ac065718db92ca818f8d6141b5f66369833d4a80a9d74435a268c52bdfa73140",
                "sha256:b82ebccc8c8a36f2094e969560a1b836758481f3dc360ce9a3277c65f374285e",
                "sha256:c954d2250168d28797dd4e3ac5cf812a406cd5a92674ee4c8f123c889786aa8e",
                "sha256:cb55c73c5f4408779d0cf3eef9f762b9c9f147a77de7b258bef0a5628adc85cc",
                "sha256:cd45e1dc79c835ce60f7404ec8119f2eb06d38b1deba146f07ced3bbc44505ff",
                "sha256:d3f5614314d758649ab2ab3a62d4f2004c825922f9e370b29416484086b264ec",
                "sha256:d920f33822747519673ee656a4b6ac33e382eca9d331c87770faa3eef562aeb2",
                "sha256:db2b95f9de79181805df90bedc5a5ab4c165e6ec3fe99f970d0e302f384ad222",
                "sha256:e59e304978767a54663af13c07b3d1af22ddee3bb2fb0618ca1593e4f593a106",
                "sha256:e85e99945e688e32d5a35c1ff38ed0b3f41f43fad8df0bdf79f72b2ba7bc5272",
                "sha256:ece47d672db52ac607a3d9599a9d48dcb2f2f735c6c2d1f34130085bb12b112a",
                "sha256:f4039b9cbc3048b2416cc57ab3bda989a6fcf9b36cf8937f01a6e731b64f80d7"
            ],
            "markers": "python_version >= '3.8'",
            "version": "==2.2.1"
        },
        "traitlets": {
            "hashes": [
                "sha256:9ed0579d3502c94b4b3732ac120375cda96f923114522847de4b3bb98b96b6b7",
                "sha256:b74e89e397b1ed28cc831db7aea759ba6640cb3de13090ca145426688ff1ac4f"
            ],
            "markers": "python_version >= '3.8'",
            "version": "==5.14.3"
        },
        "typing-extensions": {
            "hashes": [
                "sha256:a439e7c04b49fec3e5d3e2beaa21755cadbbdc391694e28ccdd36ca4a1408f8c",
                "sha256:e6c81219bd689f51865d9e372991c540bda33a0379d5573cddb9a3a23f7caaef"
            ],
            "markers": "python_version >= '3.8'",
            "version": "==4.13.2"
        },
        "wcwidth": {
            "hashes": [
                "sha256:3da69048e4540d84af32131829ff948f1e022c1c6bdb8d6102117aac784f6859",
                "sha256:72ea0c06399eb286d978fdedb6923a9eb47e1c486ce63e9b4e64fc18303972b5"
            ],
            "version": "==0.2.13"
        },
        "zipp": {
            "hashes": [
                "sha256:83a28fcb75844b5c0cdaf5aa4003c2d728c77e05f5aeabe8e95e56727005fbaa",
                "sha256:a7a22e05929290a67401440b39690ae6563279bced5f314609d9d03798f56766"
            ],
            "markers": "python_version < '3.10'",
            "version": "==3.11.0"
        }
    },
    "develop": {}
}
